{
  "name": "Interface Design",
  "lockfileVersion": 2,
  "requires": true,
  "packages": {
    "": {
      "dependencies": {
        "cra-template-pwa": "^1.0.3"
      }
    },
    "node_modules/cra-template-pwa": {
      "version": "1.0.3",
      "resolved": "https://registry.npmjs.org/cra-template-pwa/-/cra-template-pwa-1.0.3.tgz",
      "integrity": "sha512-YJeZb/gdymnkwzMJcSAy1mZyuTE1TaVD5rmhP1jyw2Lk2baKDSn4r1wCoWX+mSwhZZfVvxM4bOgJ8onCiIIYVg==",
      "engines": {
        "node": ">=10"
      }
    }
  },
  "dependencies": {
    "cra-template-pwa": {
      "version": "1.0.3",
      "resolved": "https://registry.npmjs.org/cra-template-pwa/-/cra-template-pwa-1.0.3.tgz",
      "integrity": "sha512-YJeZb/gdymnkwzMJcSAy1mZyuTE1TaVD5rmhP1jyw2Lk2baKDSn4r1wCoWX+mSwhZZfVvxM4bOgJ8onCiIIYVg=="
    }
  }
}
